
Microsoft Visual Studio Solution File, Format Version 12.00
# Visual Studio Version 17
VisualStudioVersion = 17.7.34202.233
MinimumVisualStudioVersion = 10.0.40219.1
Project("{FAE04EC0-301F-11D3-BF4B-00C04F79EFBC}") = "utilizandoPOO01", "utilizandoPOO01\utilizandoPOO01.csproj", "{0A782FD7-D5F8-4EAA-B4C0-D0E9082740CD}"
EndProject
Global
	GlobalSection(SolutionConfigurationPlatforms) = preSolution
		Debug|Any CPU = Debug|Any CPU
		Release|Any CPU = Release|Any CPU
	EndGlobalSection
	GlobalSection(ProjectConfigurationPlatforms) = postSolution
		{0A782FD7-D5F8-4EAA-B4C0-D0E9082740CD}.Debug|Any CPU.ActiveCfg = Debug|Any CPU
		{0A782FD7-D5F8-4EAA-B4C0-D0E9082740CD}.Debug|Any CPU.Build.0 = Debug|Any CPU
		{0A782FD7-D5F8-4EAA-B4C0-D0E9082740CD}.Release|Any CPU.ActiveCfg = Release|Any CPU
		{0A782FD7-D5F8-4EAA-B4C0-D0E9082740CD}.Release|Any CPU.Build.0 = Release|Any CPU
	EndGlobalSection
	GlobalSection(SolutionProperties) = preSolution
		HideSolutionNode = FALSE
	EndGlobalSection
	GlobalSection(ExtensibilityGlobals) = postSolution
		SolutionGuid = {EE90C3CF-F69E-4198-AD34-AC8CE11456C8}
	EndGlobalSection
EndGlobal
