
Microsoft Visual Studio Solution File, Format Version 12.00
# Visual Studio Version 17
VisualStudioVersion = 17.7.34202.233
MinimumVisualStudioVersion = 10.0.40219.1
Project("{FAE04EC0-301F-11D3-BF4B-00C04F79EFBC}") = "Course", "Course\Course.csproj", "{8C0D95FE-1F38-4C6C-BFF5-B9172F1CCB9D}"
EndProject
Global
	GlobalSection(SolutionConfigurationPlatforms) = preSolution
		Debug|Any CPU = Debug|Any CPU
		Release|Any CPU = Release|Any CPU
	EndGlobalSection
	GlobalSection(ProjectConfigurationPlatforms) = postSolution
		{8C0D95FE-1F38-4C6C-BFF5-B9172F1CCB9D}.Debug|Any CPU.ActiveCfg = Debug|Any CPU
		{8C0D95FE-1F38-4C6C-BFF5-B9172F1CCB9D}.Debug|Any CPU.Build.0 = Debug|Any CPU
		{8C0D95FE-1F38-4C6C-BFF5-B9172F1CCB9D}.Release|Any CPU.ActiveCfg = Release|Any CPU
		{8C0D95FE-1F38-4C6C-BFF5-B9172F1CCB9D}.Release|Any CPU.Build.0 = Release|Any CPU
	EndGlobalSection
	GlobalSection(SolutionProperties) = preSolution
		HideSolutionNode = FALSE
	EndGlobalSection
	GlobalSection(ExtensibilityGlobals) = postSolution
		SolutionGuid = {24F3AEA8-3BB5-438C-9F65-CA7F9C9274BE}
	EndGlobalSection
EndGlobal
