
Microsoft Visual Studio Solution File, Format Version 12.00
# Visual Studio Version 17
VisualStudioVersion = 17.7.34202.233
MinimumVisualStudioVersion = 10.0.40219.1
Project("{FAE04EC0-301F-11D3-BF4B-00C04F79EFBC}") = "07 - exercicio de fixacao", "07 - exercicio de fixacao\07 - exercicio de fixacao.csproj", "{72B6594B-BE6D-4B29-92F5-6EBC101645BE}"
EndProject
Global
	GlobalSection(SolutionConfigurationPlatforms) = preSolution
		Debug|Any CPU = Debug|Any CPU
		Release|Any CPU = Release|Any CPU
	EndGlobalSection
	GlobalSection(ProjectConfigurationPlatforms) = postSolution
		{72B6594B-BE6D-4B29-92F5-6EBC101645BE}.Debug|Any CPU.ActiveCfg = Debug|Any CPU
		{72B6594B-BE6D-4B29-92F5-6EBC101645BE}.Debug|Any CPU.Build.0 = Debug|Any CPU
		{72B6594B-BE6D-4B29-92F5-6EBC101645BE}.Release|Any CPU.ActiveCfg = Release|Any CPU
		{72B6594B-BE6D-4B29-92F5-6EBC101645BE}.Release|Any CPU.Build.0 = Release|Any CPU
	EndGlobalSection
	GlobalSection(SolutionProperties) = preSolution
		HideSolutionNode = FALSE
	EndGlobalSection
	GlobalSection(ExtensibilityGlobals) = postSolution
		SolutionGuid = {2C0B354E-8E64-4993-BC3C-B58B96392DD2}
	EndGlobalSection
EndGlobal
